
Microsoft Visual Studio Solution File, Format Version 12.00
# Visual Studio 14
VisualStudioVersion = 14.0.25420.1
MinimumVisualStudioVersion = 10.0.40219.1
Project("{FAE04EC0-301F-11D3-BF4B-00C04F79EFBC}") = "TestApplication.Web", "TestApplication\TestApplication.Web.csproj", "{3F729F85-CA47-480E-9EF3-8F393A1C3AAF}"
EndProject
Project("{FAE04EC0-301F-11D3-BF4B-00C04F79EFBC}") = "TestApplication.Tests", "TestApplication.Tests\TestApplication.Tests.csproj", "{94CC59FC-C010-440C-93C9-8DFF4DBF6A8F}"
EndProject
Project("{FAE04EC0-301F-11D3-BF4B-00C04F79EFBC}") = "TestApplication.Bussines", "Bussines\TestApplication.Bussines.csproj", "{F52F8898-76F1-46DE-8042-DF3AEB2EFDB2}"
EndProject
Project("{FAE04EC0-301F-11D3-BF4B-00C04F79EFBC}") = "Common", "Common\Common.csproj", "{B995E45C-8297-4887-BA90-40F583C00520}"
EndProject
Project("{FAE04EC0-301F-11D3-BF4B-00C04F79EFBC}") = "TestApplication.Domain", "Domain\TestApplication.Domain.csproj", "{2AA80375-4354-42EB-9CEF-4FD00824E4A0}"
EndProject
Project("{FAE04EC0-301F-11D3-BF4B-00C04F79EFBC}") = "TestApplication.Data", "Data\TestApplication.Data.csproj", "{261C0CFA-8719-440D-AC9B-0B9E0B55BFDA}"
EndProject
Project("{FAE04EC0-301F-11D3-BF4B-00C04F79EFBC}") = "Common.Tests", "Common.Tests\Common.Tests.csproj", "{BABA1FFE-E6C4-46ED-B8B4-6DD600A3CE77}"
EndProject
Global
	GlobalSection(SolutionConfigurationPlatforms) = preSolution
		Debug|Any CPU = Debug|Any CPU
		Release|Any CPU = Release|Any CPU
	EndGlobalSection
	GlobalSection(ProjectConfigurationPlatforms) = postSolution
		{3F729F85-CA47-480E-9EF3-8F393A1C3AAF}.Debug|Any CPU.ActiveCfg = Debug|Any CPU
		{3F729F85-CA47-480E-9EF3-8F393A1C3AAF}.Debug|Any CPU.Build.0 = Debug|Any CPU
		{3F729F85-CA47-480E-9EF3-8F393A1C3AAF}.Release|Any CPU.ActiveCfg = Release|Any CPU
		{3F729F85-CA47-480E-9EF3-8F393A1C3AAF}.Release|Any CPU.Build.0 = Release|Any CPU
		{94CC59FC-C010-440C-93C9-8DFF4DBF6A8F}.Debug|Any CPU.ActiveCfg = Debug|Any CPU
		{94CC59FC-C010-440C-93C9-8DFF4DBF6A8F}.Debug|Any CPU.Build.0 = Debug|Any CPU
		{94CC59FC-C010-440C-93C9-8DFF4DBF6A8F}.Release|Any CPU.ActiveCfg = Release|Any CPU
		{94CC59FC-C010-440C-93C9-8DFF4DBF6A8F}.Release|Any CPU.Build.0 = Release|Any CPU
		{F52F8898-76F1-46DE-8042-DF3AEB2EFDB2}.Debug|Any CPU.ActiveCfg = Debug|Any CPU
		{F52F8898-76F1-46DE-8042-DF3AEB2EFDB2}.Debug|Any CPU.Build.0 = Debug|Any CPU
		{F52F8898-76F1-46DE-8042-DF3AEB2EFDB2}.Release|Any CPU.ActiveCfg = Release|Any CPU
		{F52F8898-76F1-46DE-8042-DF3AEB2EFDB2}.Release|Any CPU.Build.0 = Release|Any CPU
		{B995E45C-8297-4887-BA90-40F583C00520}.Debug|Any CPU.ActiveCfg = Debug|Any CPU
		{B995E45C-8297-4887-BA90-40F583C00520}.Debug|Any CPU.Build.0 = Debug|Any CPU
		{B995E45C-8297-4887-BA90-40F583C00520}.Release|Any CPU.ActiveCfg = Release|Any CPU
		{B995E45C-8297-4887-BA90-40F583C00520}.Release|Any CPU.Build.0 = Release|Any CPU
		{2AA80375-4354-42EB-9CEF-4FD00824E4A0}.Debug|Any CPU.ActiveCfg = Debug|Any CPU
		{2AA80375-4354-42EB-9CEF-4FD00824E4A0}.Debug|Any CPU.Build.0 = Debug|Any CPU
		{2AA80375-4354-42EB-9CEF-4FD00824E4A0}.Release|Any CPU.ActiveCfg = Release|Any CPU
		{2AA80375-4354-42EB-9CEF-4FD00824E4A0}.Release|Any CPU.Build.0 = Release|Any CPU
		{261C0CFA-8719-440D-AC9B-0B9E0B55BFDA}.Debug|Any CPU.ActiveCfg = Debug|Any CPU
		{261C0CFA-8719-440D-AC9B-0B9E0B55BFDA}.Debug|Any CPU.Build.0 = Debug|Any CPU
		{261C0CFA-8719-440D-AC9B-0B9E0B55BFDA}.Release|Any CPU.ActiveCfg = Release|Any CPU
		{261C0CFA-8719-440D-AC9B-0B9E0B55BFDA}.Release|Any CPU.Build.0 = Release|Any CPU
		{BABA1FFE-E6C4-46ED-B8B4-6DD600A3CE77}.Debug|Any CPU.ActiveCfg = Debug|Any CPU
		{BABA1FFE-E6C4-46ED-B8B4-6DD600A3CE77}.Debug|Any CPU.Build.0 = Debug|Any CPU
		{BABA1FFE-E6C4-46ED-B8B4-6DD600A3CE77}.Release|Any CPU.ActiveCfg = Release|Any CPU
		{BABA1FFE-E6C4-46ED-B8B4-6DD600A3CE77}.Release|Any CPU.Build.0 = Release|Any CPU
	EndGlobalSection
	GlobalSection(SolutionProperties) = preSolution
		HideSolutionNode = FALSE
	EndGlobalSection
EndGlobal
